{
  "nodes": {
    "nixpkgs": {
      "locked": {
        "lastModified": 1785599192,
        "narHash": "sha256-sTZnq3+3EKM1708T/icNNHH2t596/bu1jolSuj6UBbc=",
        "rev": "6d65bfc1bcef2ef39a239d38e577e92a89fb0f07",
        "type": "tarball",
        "url": "https://releases.nixos.org/nixos/26.05/nixos-26.05.6693.6d65bfc1bcef/nixexprs.tar.xz"
      },
      "original": {
        "id": "nixpkgs",
        "ref": "nixos-26.05",
        "type": "indirect"
      }
    },
    "root": {
      "inputs": {
        "nixpkgs": "nixpkgs"
      }
    }
  },
  "root": "root",
  "version": 7
}
